
Microsoft Visual Studio Solution File, Format Version 12.00
# Visual Studio Version 17
VisualStudioVersion = 17.1.32210.238
MinimumVisualStudioVersion = 10.0.40219.1
Project("{9A19103F-16F7-4668-BE54-9A1E7A4F7556}") = "IdentityServer.AuthServer", "IdentityServer.AuthServer\IdentityServer.AuthServer.csproj", "{2E0265B8-EF8C-4E05-8331-D50A95FF55F2}"
EndProject
Project("{9A19103F-16F7-4668-BE54-9A1E7A4F7556}") = "IdentityServer.Client1", "IdentityServer.Client1\IdentityServer.Client1.csproj", "{4D1DF5DA-EDB7-4CF0-B40B-757C30E6ED04}"
EndProject
Project("{9A19103F-16F7-4668-BE54-9A1E7A4F7556}") = "IdentityServer.Client2", "IdentityServer.Client2\IdentityServer.Client2.csproj", "{208F8654-C679-490D-B5EC-A336ED5E92C9}"
EndProject
Project("{9A19103F-16F7-4668-BE54-9A1E7A4F7556}") = "IdentityServer.API1", "IdentityServer.API1\IdentityServer.API1.csproj", "{926A8061-1AB6-4937-9C87-C0A38D4C645A}"
EndProject
Project("{9A19103F-16F7-4668-BE54-9A1E7A4F7556}") = "IdentityServer.API2", "IdentityServer.API2\IdentityServer.API2.csproj", "{A833085A-3A9A-467B-9B98-933F82DF5518}"
EndProject
Project("{2150E333-8FDC-42A3-9474-1A3956D46DE8}") = "Solution Items", "Solution Items", "{2F46C035-E54D-4A4A-AAFB-7B0E7B31337E}"
	ProjectSection(SolutionItems) = preProject
		Ports.txt = Ports.txt
	EndProjectSection
EndProject
Project("{9A19103F-16F7-4668-BE54-9A1E7A4F7556}") = "IdentityServer_IdentityAPI.AuthServer", "IdentityServer-IdentityAPI.AuthServer\IdentityServer_IdentityAPI.AuthServer.csproj", "{6C66D06F-1F58-49D2-8CAD-DF04714C9F56}"
EndProject
Global
	GlobalSection(SolutionConfigurationPlatforms) = preSolution
		Debug|Any CPU = Debug|Any CPU
		Release|Any CPU = Release|Any CPU
	EndGlobalSection
	GlobalSection(ProjectConfigurationPlatforms) = postSolution
		{2E0265B8-EF8C-4E05-8331-D50A95FF55F2}.Debug|Any CPU.ActiveCfg = Debug|Any CPU
		{2E0265B8-EF8C-4E05-8331-D50A95FF55F2}.Debug|Any CPU.Build.0 = Debug|Any CPU
		{2E0265B8-EF8C-4E05-8331-D50A95FF55F2}.Release|Any CPU.ActiveCfg = Release|Any CPU
		{2E0265B8-EF8C-4E05-8331-D50A95FF55F2}.Release|Any CPU.Build.0 = Release|Any CPU
		{4D1DF5DA-EDB7-4CF0-B40B-757C30E6ED04}.Debug|Any CPU.ActiveCfg = Debug|Any CPU
		{4D1DF5DA-EDB7-4CF0-B40B-757C30E6ED04}.Debug|Any CPU.Build.0 = Debug|Any CPU
		{4D1DF5DA-EDB7-4CF0-B40B-757C30E6ED04}.Release|Any CPU.ActiveCfg = Release|Any CPU
		{4D1DF5DA-EDB7-4CF0-B40B-757C30E6ED04}.Release|Any CPU.Build.0 = Release|Any CPU
		{208F8654-C679-490D-B5EC-A336ED5E92C9}.Debug|Any CPU.ActiveCfg = Debug|Any CPU
		{208F8654-C679-490D-B5EC-A336ED5E92C9}.Debug|Any CPU.Build.0 = Debug|Any CPU
		{208F8654-C679-490D-B5EC-A336ED5E92C9}.Release|Any CPU.ActiveCfg = Release|Any CPU
		{208F8654-C679-490D-B5EC-A336ED5E92C9}.Release|Any CPU.Build.0 = Release|Any CPU
		{926A8061-1AB6-4937-9C87-C0A38D4C645A}.Debug|Any CPU.ActiveCfg = Debug|Any CPU
		{926A8061-1AB6-4937-9C87-C0A38D4C645A}.Debug|Any CPU.Build.0 = Debug|Any CPU
		{926A8061-1AB6-4937-9C87-C0A38D4C645A}.Release|Any CPU.ActiveCfg = Release|Any CPU
		{926A8061-1AB6-4937-9C87-C0A38D4C645A}.Release|Any CPU.Build.0 = Release|Any CPU
		{A833085A-3A9A-467B-9B98-933F82DF5518}.Debug|Any CPU.ActiveCfg = Debug|Any CPU
		{A833085A-3A9A-467B-9B98-933F82DF5518}.Debug|Any CPU.Build.0 = Debug|Any CPU
		{A833085A-3A9A-467B-9B98-933F82DF5518}.Release|Any CPU.ActiveCfg = Release|Any CPU
		{A833085A-3A9A-467B-9B98-933F82DF5518}.Release|Any CPU.Build.0 = Release|Any CPU
		{6C66D06F-1F58-49D2-8CAD-DF04714C9F56}.Debug|Any CPU.ActiveCfg = Debug|Any CPU
		{6C66D06F-1F58-49D2-8CAD-DF04714C9F56}.Debug|Any CPU.Build.0 = Debug|Any CPU
		{6C66D06F-1F58-49D2-8CAD-DF04714C9F56}.Release|Any CPU.ActiveCfg = Release|Any CPU
		{6C66D06F-1F58-49D2-8CAD-DF04714C9F56}.Release|Any CPU.Build.0 = Release|Any CPU
	EndGlobalSection
	GlobalSection(SolutionProperties) = preSolution
		HideSolutionNode = FALSE
	EndGlobalSection
	GlobalSection(ExtensibilityGlobals) = postSolution
		SolutionGuid = {F1AEEDBB-FB8A-4CF8-9EB7-7D5656470F8B}
	EndGlobalSection
EndGlobal
